
Microsoft Visual Studio Solution File, Format Version 12.00
# Visual Studio 15
VisualStudioVersion = 15.0.28307.438
MinimumVisualStudioVersion = 10.0.40219.1
Project("{159641D6-6404-4A2A-AE62-294DE0FE8301}") = "Visual BI", "Visual BI\Visual BI.dtproj", "{56916438-0CDD-4E24-8ECD-94AA95B3FD3E}"
EndProject
Global
	GlobalSection(SolutionConfigurationPlatforms) = preSolution
		Development|Default = Development|Default
	EndGlobalSection
	GlobalSection(ProjectConfigurationPlatforms) = postSolution
		{56916438-0CDD-4E24-8ECD-94AA95B3FD3E}.Development|Default.ActiveCfg = Development
		{56916438-0CDD-4E24-8ECD-94AA95B3FD3E}.Development|Default.Build.0 = Development
	EndGlobalSection
	GlobalSection(SolutionProperties) = preSolution
		HideSolutionNode = FALSE
	EndGlobalSection
	GlobalSection(ExtensibilityGlobals) = postSolution
		SolutionGuid = {DB8CEF05-9E91-4C1B-9FA7-081209FDA5DA}
	EndGlobalSection
EndGlobal
